
Microsoft Visual Studio Solution File, Format Version 12.00
# Visual Studio Version 17
VisualStudioVersion = 17.0.31903.59
MinimumVisualStudioVersion = 10.0.40219.1
Project("{2150E333-8FDC-42A3-9474-1A3956D46DE8}") = "src", "src", "{827E0CD3-B72D-47B6-A68D-7590B98EB39B}"
EndProject
Project("{FAE04EC0-301F-11D3-BF4B-00C04F79EFBC}") = "Aufgabe1_ORMapping", "src\Aufgabe1_ORMapping\Aufgabe1_ORMapping.csproj", "{AD5788DA-E48E-4453-A662-9284458220E9}"
EndProject
Project("{FAE04EC0-301F-11D3-BF4B-00C04F79EFBC}") = "Aufgabe2_Services", "src\Aufgabe2_Services\Aufgabe2_Services.csproj", "{3DDFA7C4-16A9-463C-9CFA-985D59E65424}"
EndProject
Project("{FAE04EC0-301F-11D3-BF4B-00C04F79EFBC}") = "Aufgabe3_RestfulApi", "src\Aufgabe3_RestfulApi\Aufgabe3_RestfulApi.csproj", "{6E447BDD-F97C-4CB9-AACF-E52314901AA2}"
EndProject
Project("{2150E333-8FDC-42A3-9474-1A3956D46DE8}") = "tests", "tests", "{0C88DD14-F956-CE84-757C-A364CCF449FC}"
EndProject
Project("{FAE04EC0-301F-11D3-BF4B-00C04F79EFBC}") = "Aufgabe1_ORMapping.Test", "tests\Aufgabe1_ORMapping.Test\Aufgabe1_ORMapping.Test.csproj", "{46C9FCF8-FC62-46BF-833F-3CBD34A7FD37}"
EndProject
Project("{FAE04EC0-301F-11D3-BF4B-00C04F79EFBC}") = "Aufgabe2_Services.Test", "tests\Aufgabe2_Services.Test\Aufgabe2_Services.Test.csproj", "{74F35E2D-BAFB-44CF-B3B7-4F0F075786FE}"
EndProject
Project("{FAE04EC0-301F-11D3-BF4B-00C04F79EFBC}") = "Aufgabe3_RestfulApi.Test", "tests\Aufgabe3_RestfulApi.Test\Aufgabe3_RestfulApi.Test.csproj", "{8D7A9C2C-16A0-4FB1-8A60-DE2D129C5427}"
EndProject
Global
	GlobalSection(SolutionConfigurationPlatforms) = preSolution
		Debug|Any CPU = Debug|Any CPU
		Debug|x64 = Debug|x64
		Debug|x86 = Debug|x86
		Release|Any CPU = Release|Any CPU
		Release|x64 = Release|x64
		Release|x86 = Release|x86
	EndGlobalSection
	GlobalSection(ProjectConfigurationPlatforms) = postSolution
		{AD5788DA-E48E-4453-A662-9284458220E9}.Debug|Any CPU.ActiveCfg = Debug|Any CPU
		{AD5788DA-E48E-4453-A662-9284458220E9}.Debug|Any CPU.Build.0 = Debug|Any CPU
		{AD5788DA-E48E-4453-A662-9284458220E9}.Debug|x64.ActiveCfg = Debug|Any CPU
		{AD5788DA-E48E-4453-A662-9284458220E9}.Debug|x64.Build.0 = Debug|Any CPU
		{AD5788DA-E48E-4453-A662-9284458220E9}.Debug|x86.ActiveCfg = Debug|Any CPU
		{AD5788DA-E48E-4453-A662-9284458220E9}.Debug|x86.Build.0 = Debug|Any CPU
		{AD5788DA-E48E-4453-A662-9284458220E9}.Release|Any CPU.ActiveCfg = Release|Any CPU
		{AD5788DA-E48E-4453-A662-9284458220E9}.Release|Any CPU.Build.0 = Release|Any CPU
		{AD5788DA-E48E-4453-A662-9284458220E9}.Release|x64.ActiveCfg = Release|Any CPU
		{AD5788DA-E48E-4453-A662-9284458220E9}.Release|x64.Build.0 = Release|Any CPU
		{AD5788DA-E48E-4453-A662-9284458220E9}.Release|x86.ActiveCfg = Release|Any CPU
		{AD5788DA-E48E-4453-A662-9284458220E9}.Release|x86.Build.0 = Release|Any CPU
		{3DDFA7C4-16A9-463C-9CFA-985D59E65424}.Debug|Any CPU.ActiveCfg = Debug|Any CPU
		{3DDFA7C4-16A9-463C-9CFA-985D59E65424}.Debug|Any CPU.Build.0 = Debug|Any CPU
		{3DDFA7C4-16A9-463C-9CFA-985D59E65424}.Debug|x64.ActiveCfg = Debug|Any CPU
		{3DDFA7C4-16A9-463C-9CFA-985D59E65424}.Debug|x64.Build.0 = Debug|Any CPU
		{3DDFA7C4-16A9-463C-9CFA-985D59E65424}.Debug|x86.ActiveCfg = Debug|Any CPU
		{3DDFA7C4-16A9-463C-9CFA-985D59E65424}.Debug|x86.Build.0 = Debug|Any CPU
		{3DDFA7C4-16A9-463C-9CFA-985D59E65424}.Release|Any CPU.ActiveCfg = Release|Any CPU
		{3DDFA7C4-16A9-463C-9CFA-985D59E65424}.Release|Any CPU.Build.0 = Release|Any CPU
		{3DDFA7C4-16A9-463C-9CFA-985D59E65424}.Release|x64.ActiveCfg = Release|Any CPU
		{3DDFA7C4-16A9-463C-9CFA-985D59E65424}.Release|x64.Build.0 = Release|Any CPU
		{3DDFA7C4-16A9-463C-9CFA-985D59E65424}.Release|x86.ActiveCfg = Release|Any CPU
		{3DDFA7C4-16A9-463C-9CFA-985D59E65424}.Release|x86.Build.0 = Release|Any CPU
		{6E447BDD-F97C-4CB9-AACF-E52314901AA2}.Debug|Any CPU.ActiveCfg = Debug|Any CPU
		{6E447BDD-F97C-4CB9-AACF-E52314901AA2}.Debug|Any CPU.Build.0 = Debug|Any CPU
		{6E447BDD-F97C-4CB9-AACF-E52314901AA2}.Debug|x64.ActiveCfg = Debug|Any CPU
		{6E447BDD-F97C-4CB9-AACF-E52314901AA2}.Debug|x64.Build.0 = Debug|Any CPU
		{6E447BDD-F97C-4CB9-AACF-E52314901AA2}.Debug|x86.ActiveCfg = Debug|Any CPU
		{6E447BDD-F97C-4CB9-AACF-E52314901AA2}.Debug|x86.Build.0 = Debug|Any CPU
		{6E447BDD-F97C-4CB9-AACF-E52314901AA2}.Release|Any CPU.ActiveCfg = Release|Any CPU
		{6E447BDD-F97C-4CB9-AACF-E52314901AA2}.Release|Any CPU.Build.0 = Release|Any CPU
		{6E447BDD-F97C-4CB9-AACF-E52314901AA2}.Release|x64.ActiveCfg = Release|Any CPU
		{6E447BDD-F97C-4CB9-AACF-E52314901AA2}.Release|x64.Build.0 = Release|Any CPU
		{6E447BDD-F97C-4CB9-AACF-E52314901AA2}.Release|x86.ActiveCfg = Release|Any CPU
		{6E447BDD-F97C-4CB9-AACF-E52314901AA2}.Release|x86.Build.0 = Release|Any CPU
		{46C9FCF8-FC62-46BF-833F-3CBD34A7FD37}.Debug|Any CPU.ActiveCfg = Debug|Any CPU
		{46C9FCF8-FC62-46BF-833F-3CBD34A7FD37}.Debug|Any CPU.Build.0 = Debug|Any CPU
		{46C9FCF8-FC62-46BF-833F-3CBD34A7FD37}.Debug|x64.ActiveCfg = Debug|Any CPU
		{46C9FCF8-FC62-46BF-833F-3CBD34A7FD37}.Debug|x64.Build.0 = Debug|Any CPU
		{46C9FCF8-FC62-46BF-833F-3CBD34A7FD37}.Debug|x86.ActiveCfg = Debug|Any CPU
		{46C9FCF8-FC62-46BF-833F-3CBD34A7FD37}.Debug|x86.Build.0 = Debug|Any CPU
		{46C9FCF8-FC62-46BF-833F-3CBD34A7FD37}.Release|Any CPU.ActiveCfg = Release|Any CPU
		{46C9FCF8-FC62-46BF-833F-3CBD34A7FD37}.Release|Any CPU.Build.0 = Release|Any CPU
		{46C9FCF8-FC62-46BF-833F-3CBD34A7FD37}.Release|x64.ActiveCfg = Release|Any CPU
		{46C9FCF8-FC62-46BF-833F-3CBD34A7FD37}.Release|x64.Build.0 = Release|Any CPU
		{46C9FCF8-FC62-46BF-833F-3CBD34A7FD37}.Release|x86.ActiveCfg = Release|Any CPU
		{46C9FCF8-FC62-46BF-833F-3CBD34A7FD37}.Release|x86.Build.0 = Release|Any CPU
		{74F35E2D-BAFB-44CF-B3B7-4F0F075786FE}.Debug|Any CPU.ActiveCfg = Debug|Any CPU
		{74F35E2D-BAFB-44CF-B3B7-4F0F075786FE}.Debug|Any CPU.Build.0 = Debug|Any CPU
		{74F35E2D-BAFB-44CF-B3B7-4F0F075786FE}.Debug|x64.ActiveCfg = Debug|Any CPU
		{74F35E2D-BAFB-44CF-B3B7-4F0F075786FE}.Debug|x64.Build.0 = Debug|Any CPU
		{74F35E2D-BAFB-44CF-B3B7-4F0F075786FE}.Debug|x86.ActiveCfg = Debug|Any CPU
		{74F35E2D-BAFB-44CF-B3B7-4F0F075786FE}.Debug|x86.Build.0 = Debug|Any CPU
		{74F35E2D-BAFB-44CF-B3B7-4F0F075786FE}.Release|Any CPU.ActiveCfg = Release|Any CPU
		{74F35E2D-BAFB-44CF-B3B7-4F0F075786FE}.Release|Any CPU.Build.0 = Release|Any CPU
		{74F35E2D-BAFB-44CF-B3B7-4F0F075786FE}.Release|x64.ActiveCfg = Release|Any CPU
		{74F35E2D-BAFB-44CF-B3B7-4F0F075786FE}.Release|x64.Build.0 = Release|Any CPU
		{74F35E2D-BAFB-44CF-B3B7-4F0F075786FE}.Release|x86.ActiveCfg = Release|Any CPU
		{74F35E2D-BAFB-44CF-B3B7-4F0F075786FE}.Release|x86.Build.0 = Release|Any CPU
		{8D7A9C2C-16A0-4FB1-8A60-DE2D129C5427}.Debug|Any CPU.ActiveCfg = Debug|Any CPU
		{8D7A9C2C-16A0-4FB1-8A60-DE2D129C5427}.Debug|Any CPU.Build.0 = Debug|Any CPU
		{8D7A9C2C-16A0-4FB1-8A60-DE2D129C5427}.Debug|x64.ActiveCfg = Debug|Any CPU
		{8D7A9C2C-16A0-4FB1-8A60-DE2D129C5427}.Debug|x64.Build.0 = Debug|Any CPU
		{8D7A9C2C-16A0-4FB1-8A60-DE2D129C5427}.Debug|x86.ActiveCfg = Debug|Any CPU
		{8D7A9C2C-16A0-4FB1-8A60-DE2D129C5427}.Debug|x86.Build.0 = Debug|Any CPU
		{8D7A9C2C-16A0-4FB1-8A60-DE2D129C5427}.Release|Any CPU.ActiveCfg = Release|Any CPU
		{8D7A9C2C-16A0-4FB1-8A60-DE2D129C5427}.Release|Any CPU.Build.0 = Release|Any CPU
		{8D7A9C2C-16A0-4FB1-8A60-DE2D129C5427}.Release|x64.ActiveCfg = Release|Any CPU
		{8D7A9C2C-16A0-4FB1-8A60-DE2D129C5427}.Release|x64.Build.0 = Release|Any CPU
		{8D7A9C2C-16A0-4FB1-8A60-DE2D129C5427}.Release|x86.ActiveCfg = Release|Any CPU
		{8D7A9C2C-16A0-4FB1-8A60-DE2D129C5427}.Release|x86.Build.0 = Release|Any CPU
	EndGlobalSection
	GlobalSection(SolutionProperties) = preSolution
		HideSolutionNode = FALSE
	EndGlobalSection
	GlobalSection(NestedProjects) = preSolution
		{AD5788DA-E48E-4453-A662-9284458220E9} = {827E0CD3-B72D-47B6-A68D-7590B98EB39B}
		{3DDFA7C4-16A9-463C-9CFA-985D59E65424} = {827E0CD3-B72D-47B6-A68D-7590B98EB39B}
		{6E447BDD-F97C-4CB9-AACF-E52314901AA2} = {827E0CD3-B72D-47B6-A68D-7590B98EB39B}
		{46C9FCF8-FC62-46BF-833F-3CBD34A7FD37} = {0C88DD14-F956-CE84-757C-A364CCF449FC}
		{74F35E2D-BAFB-44CF-B3B7-4F0F075786FE} = {0C88DD14-F956-CE84-757C-A364CCF449FC}
		{8D7A9C2C-16A0-4FB1-8A60-DE2D129C5427} = {0C88DD14-F956-CE84-757C-A364CCF449FC}
	EndGlobalSection
EndGlobal
